
Microsoft Visual Studio Solution File, Format Version 12.00
# Visual Studio 15
VisualStudioVersion = 15.0.26124.0
MinimumVisualStudioVersion = 15.0.26124.0
Project("{2150E333-8FDC-42A3-9474-1A3956D46DE8}") = "Cloud", "Cloud", "{2233D42E-A80D-433D-9F7E-F38BB977319F}"
EndProject
Project("{FAE04EC0-301F-11D3-BF4B-00C04F79EFBC}") = "QLearningOrleans.Grains", "Cloud\QLearningOrleans.Grains\QLearningOrleans.Grains.csproj", "{C5A0CAE0-B765-43A6-8AE0-46E0DB520CF8}"
EndProject
Project("{FAE04EC0-301F-11D3-BF4B-00C04F79EFBC}") = "QLearningOrleans.Interfaces", "Cloud\QLearningOrleans.Interfaces\QLearningOrleans.Interfaces.csproj", "{7843D2EC-DE02-4D69-9007-98D5729A8863}"
EndProject
Project("{FAE04EC0-301F-11D3-BF4B-00C04F79EFBC}") = "SiloHost", "Cloud\SiloHost\SiloHost.csproj", "{3FCEBA0A-1E65-488C-9AA9-C4067D8C0FD1}"
EndProject
Project("{FAE04EC0-301F-11D3-BF4B-00C04F79EFBC}") = "QAPI", "QAPI\QAPI.csproj", "{A813BA7C-B108-44A8-8A46-313C982C5DD0}"
EndProject
Project("{2150E333-8FDC-42A3-9474-1A3956D46DE8}") = "TicTacToeUtil", "TicTacToeUtil", "{06510F77-DE21-4801-985F-315BF5E242D6}"
EndProject
Project("{FAE04EC0-301F-11D3-BF4B-00C04F79EFBC}") = "TicTacToeGameUtil", "TicTacToeUtil\TicTacToeGameUtil\TicTacToeGameUtil.csproj", "{CE9EB530-C673-4603-A37B-A0F240F76AEC}"
EndProject
Project("{FAE04EC0-301F-11D3-BF4B-00C04F79EFBC}") = "TicTacToeGameUtil.Test", "TicTacToeUtil\TicTacToeGameUtil.Test\TicTacToeGameUtil.Test.csproj", "{ACE3F43B-A209-40C6-8412-8538097405AD}"
EndProject
Global
	GlobalSection(SolutionConfigurationPlatforms) = preSolution
		Debug|Any CPU = Debug|Any CPU
		Debug|x64 = Debug|x64
		Debug|x86 = Debug|x86
		Release|Any CPU = Release|Any CPU
		Release|x64 = Release|x64
		Release|x86 = Release|x86
	EndGlobalSection
	GlobalSection(SolutionProperties) = preSolution
		HideSolutionNode = FALSE
	EndGlobalSection
	GlobalSection(ProjectConfigurationPlatforms) = postSolution
		{C5A0CAE0-B765-43A6-8AE0-46E0DB520CF8}.Debug|Any CPU.ActiveCfg = Debug|Any CPU
		{C5A0CAE0-B765-43A6-8AE0-46E0DB520CF8}.Debug|Any CPU.Build.0 = Debug|Any CPU
		{C5A0CAE0-B765-43A6-8AE0-46E0DB520CF8}.Debug|x64.ActiveCfg = Debug|Any CPU
		{C5A0CAE0-B765-43A6-8AE0-46E0DB520CF8}.Debug|x64.Build.0 = Debug|Any CPU
		{C5A0CAE0-B765-43A6-8AE0-46E0DB520CF8}.Debug|x86.ActiveCfg = Debug|Any CPU
		{C5A0CAE0-B765-43A6-8AE0-46E0DB520CF8}.Debug|x86.Build.0 = Debug|Any CPU
		{C5A0CAE0-B765-43A6-8AE0-46E0DB520CF8}.Release|Any CPU.ActiveCfg = Release|Any CPU
		{C5A0CAE0-B765-43A6-8AE0-46E0DB520CF8}.Release|Any CPU.Build.0 = Release|Any CPU
		{C5A0CAE0-B765-43A6-8AE0-46E0DB520CF8}.Release|x64.ActiveCfg = Release|Any CPU
		{C5A0CAE0-B765-43A6-8AE0-46E0DB520CF8}.Release|x64.Build.0 = Release|Any CPU
		{C5A0CAE0-B765-43A6-8AE0-46E0DB520CF8}.Release|x86.ActiveCfg = Release|Any CPU
		{C5A0CAE0-B765-43A6-8AE0-46E0DB520CF8}.Release|x86.Build.0 = Release|Any CPU
		{7843D2EC-DE02-4D69-9007-98D5729A8863}.Debug|Any CPU.ActiveCfg = Debug|Any CPU
		{7843D2EC-DE02-4D69-9007-98D5729A8863}.Debug|Any CPU.Build.0 = Debug|Any CPU
		{7843D2EC-DE02-4D69-9007-98D5729A8863}.Debug|x64.ActiveCfg = Debug|Any CPU
		{7843D2EC-DE02-4D69-9007-98D5729A8863}.Debug|x64.Build.0 = Debug|Any CPU
		{7843D2EC-DE02-4D69-9007-98D5729A8863}.Debug|x86.ActiveCfg = Debug|Any CPU
		{7843D2EC-DE02-4D69-9007-98D5729A8863}.Debug|x86.Build.0 = Debug|Any CPU
		{7843D2EC-DE02-4D69-9007-98D5729A8863}.Release|Any CPU.ActiveCfg = Release|Any CPU
		{7843D2EC-DE02-4D69-9007-98D5729A8863}.Release|Any CPU.Build.0 = Release|Any CPU
		{7843D2EC-DE02-4D69-9007-98D5729A8863}.Release|x64.ActiveCfg = Release|Any CPU
		{7843D2EC-DE02-4D69-9007-98D5729A8863}.Release|x64.Build.0 = Release|Any CPU
		{7843D2EC-DE02-4D69-9007-98D5729A8863}.Release|x86.ActiveCfg = Release|Any CPU
		{7843D2EC-DE02-4D69-9007-98D5729A8863}.Release|x86.Build.0 = Release|Any CPU
		{3FCEBA0A-1E65-488C-9AA9-C4067D8C0FD1}.Debug|Any CPU.ActiveCfg = Debug|Any CPU
		{3FCEBA0A-1E65-488C-9AA9-C4067D8C0FD1}.Debug|Any CPU.Build.0 = Debug|Any CPU
		{3FCEBA0A-1E65-488C-9AA9-C4067D8C0FD1}.Debug|x64.ActiveCfg = Debug|Any CPU
		{3FCEBA0A-1E65-488C-9AA9-C4067D8C0FD1}.Debug|x64.Build.0 = Debug|Any CPU
		{3FCEBA0A-1E65-488C-9AA9-C4067D8C0FD1}.Debug|x86.ActiveCfg = Debug|Any CPU
		{3FCEBA0A-1E65-488C-9AA9-C4067D8C0FD1}.Debug|x86.Build.0 = Debug|Any CPU
		{3FCEBA0A-1E65-488C-9AA9-C4067D8C0FD1}.Release|Any CPU.ActiveCfg = Release|Any CPU
		{3FCEBA0A-1E65-488C-9AA9-C4067D8C0FD1}.Release|Any CPU.Build.0 = Release|Any CPU
		{3FCEBA0A-1E65-488C-9AA9-C4067D8C0FD1}.Release|x64.ActiveCfg = Release|Any CPU
		{3FCEBA0A-1E65-488C-9AA9-C4067D8C0FD1}.Release|x64.Build.0 = Release|Any CPU
		{3FCEBA0A-1E65-488C-9AA9-C4067D8C0FD1}.Release|x86.ActiveCfg = Release|Any CPU
		{3FCEBA0A-1E65-488C-9AA9-C4067D8C0FD1}.Release|x86.Build.0 = Release|Any CPU
		{A813BA7C-B108-44A8-8A46-313C982C5DD0}.Debug|Any CPU.ActiveCfg = Debug|Any CPU
		{A813BA7C-B108-44A8-8A46-313C982C5DD0}.Debug|Any CPU.Build.0 = Debug|Any CPU
		{A813BA7C-B108-44A8-8A46-313C982C5DD0}.Debug|x64.ActiveCfg = Debug|Any CPU
		{A813BA7C-B108-44A8-8A46-313C982C5DD0}.Debug|x64.Build.0 = Debug|Any CPU
		{A813BA7C-B108-44A8-8A46-313C982C5DD0}.Debug|x86.ActiveCfg = Debug|Any CPU
		{A813BA7C-B108-44A8-8A46-313C982C5DD0}.Debug|x86.Build.0 = Debug|Any CPU
		{A813BA7C-B108-44A8-8A46-313C982C5DD0}.Release|Any CPU.ActiveCfg = Release|Any CPU
		{A813BA7C-B108-44A8-8A46-313C982C5DD0}.Release|Any CPU.Build.0 = Release|Any CPU
		{A813BA7C-B108-44A8-8A46-313C982C5DD0}.Release|x64.ActiveCfg = Release|Any CPU
		{A813BA7C-B108-44A8-8A46-313C982C5DD0}.Release|x64.Build.0 = Release|Any CPU
		{A813BA7C-B108-44A8-8A46-313C982C5DD0}.Release|x86.ActiveCfg = Release|Any CPU
		{A813BA7C-B108-44A8-8A46-313C982C5DD0}.Release|x86.Build.0 = Release|Any CPU
		{CE9EB530-C673-4603-A37B-A0F240F76AEC}.Debug|Any CPU.ActiveCfg = Debug|Any CPU
		{CE9EB530-C673-4603-A37B-A0F240F76AEC}.Debug|Any CPU.Build.0 = Debug|Any CPU
		{CE9EB530-C673-4603-A37B-A0F240F76AEC}.Debug|x64.ActiveCfg = Debug|Any CPU
		{CE9EB530-C673-4603-A37B-A0F240F76AEC}.Debug|x64.Build.0 = Debug|Any CPU
		{CE9EB530-C673-4603-A37B-A0F240F76AEC}.Debug|x86.ActiveCfg = Debug|Any CPU
		{CE9EB530-C673-4603-A37B-A0F240F76AEC}.Debug|x86.Build.0 = Debug|Any CPU
		{CE9EB530-C673-4603-A37B-A0F240F76AEC}.Release|Any CPU.ActiveCfg = Release|Any CPU
		{CE9EB530-C673-4603-A37B-A0F240F76AEC}.Release|Any CPU.Build.0 = Release|Any CPU
		{CE9EB530-C673-4603-A37B-A0F240F76AEC}.Release|x64.ActiveCfg = Release|Any CPU
		{CE9EB530-C673-4603-A37B-A0F240F76AEC}.Release|x64.Build.0 = Release|Any CPU
		{CE9EB530-C673-4603-A37B-A0F240F76AEC}.Release|x86.ActiveCfg = Release|Any CPU
		{CE9EB530-C673-4603-A37B-A0F240F76AEC}.Release|x86.Build.0 = Release|Any CPU
		{ACE3F43B-A209-40C6-8412-8538097405AD}.Debug|Any CPU.ActiveCfg = Debug|Any CPU
		{ACE3F43B-A209-40C6-8412-8538097405AD}.Debug|Any CPU.Build.0 = Debug|Any CPU
		{ACE3F43B-A209-40C6-8412-8538097405AD}.Debug|x64.ActiveCfg = Debug|Any CPU
		{ACE3F43B-A209-40C6-8412-8538097405AD}.Debug|x64.Build.0 = Debug|Any CPU
		{ACE3F43B-A209-40C6-8412-8538097405AD}.Debug|x86.ActiveCfg = Debug|Any CPU
		{ACE3F43B-A209-40C6-8412-8538097405AD}.Debug|x86.Build.0 = Debug|Any CPU
		{ACE3F43B-A209-40C6-8412-8538097405AD}.Release|Any CPU.ActiveCfg = Release|Any CPU
		{ACE3F43B-A209-40C6-8412-8538097405AD}.Release|Any CPU.Build.0 = Release|Any CPU
		{ACE3F43B-A209-40C6-8412-8538097405AD}.Release|x64.ActiveCfg = Release|Any CPU
		{ACE3F43B-A209-40C6-8412-8538097405AD}.Release|x64.Build.0 = Release|Any CPU
		{ACE3F43B-A209-40C6-8412-8538097405AD}.Release|x86.ActiveCfg = Release|Any CPU
		{ACE3F43B-A209-40C6-8412-8538097405AD}.Release|x86.Build.0 = Release|Any CPU
	EndGlobalSection
	GlobalSection(NestedProjects) = preSolution
		{C5A0CAE0-B765-43A6-8AE0-46E0DB520CF8} = {2233D42E-A80D-433D-9F7E-F38BB977319F}
		{7843D2EC-DE02-4D69-9007-98D5729A8863} = {2233D42E-A80D-433D-9F7E-F38BB977319F}
		{3FCEBA0A-1E65-488C-9AA9-C4067D8C0FD1} = {2233D42E-A80D-433D-9F7E-F38BB977319F}
		{CE9EB530-C673-4603-A37B-A0F240F76AEC} = {06510F77-DE21-4801-985F-315BF5E242D6}
		{ACE3F43B-A209-40C6-8412-8538097405AD} = {06510F77-DE21-4801-985F-315BF5E242D6}
	EndGlobalSection
EndGlobal
